// !$*UTF8*$!
{
	archiveVersion = 1;
	classes = {
	};
	objectVersion = 46;
	objects = {

/* Begin PBXBuildFile section */
		36D7D1BA7CEB5066107DFC9D /* SelectableCollectionView.swift in Sources */ = {isa = PBXBuildFile; fileRef = 36D7D55DB498F6AF2345549B /* SelectableCollectionView.swift */; };
		36D7D1E99B347515D60BAEF9 /* Tracker.swift in Sources */ = {isa = PBXBuildFile; fileRef = 36D7D078E1C9A964CE2BCE69 /* Tracker.swift */; };
		36D7D2712DFB0EE93D9E7D49 /* WeekDay.swift in Sources */ = {isa = PBXBuildFile; fileRef = 36D7D0012DE3308CE74060B0 /* WeekDay.swift */; };
		36D7D33449841B55732278DA /* TrackerCategory.swift in Sources */ = {isa = PBXBuildFile; fileRef = 36D7DBC84F9E4E7366144444 /* TrackerCategory.swift */; };
		36D7D34032BA6173129AB428 /* Assets.xcassets in Resources */ = {isa = PBXBuildFile; fileRef = 36D7DFDD3A1164A08DBF1DA7 /* Assets.xcassets */; };
		36D7D34E4FCBB3A91704C9A1 /* TrackerCell.swift in Sources */ = {isa = PBXBuildFile; fileRef = 36D7D08DF0CCF0970918E1B5 /* TrackerCell.swift */; };
		36D7D38F0028420C0CEFF0AB /* SceneDelegate.swift in Sources */ = {isa = PBXBuildFile; fileRef = 36D7D66179F0E15407E1A33D /* SceneDelegate.swift */; };
		36D7D4934914B4143531AF77 /* CategoryCreationViewController.swift in Sources */ = {isa = PBXBuildFile; fileRef = 36D7D5D970EEA1B9C32942B0 /* CategoryCreationViewController.swift */; };
		36D7D4B58EFBB8682E672E42 /* ViewController.swift in Sources */ = {isa = PBXBuildFile; fileRef = 36D7DDBA0FC76741FB6C99C5 /* ViewController.swift */; };
		36D7D4FF0FAFB4EA7130811F /* Main.storyboard in Resources */ = {isa = PBXBuildFile; fileRef = 36D7D855178AE89EC5BC54B9 /* Main.storyboard */; };
		36D7D5DC6139856FCC07664D /* InsetTextField.swift in Sources */ = {isa = PBXBuildFile; fileRef = 36D7D448243739A1E7DCBE40 /* InsetTextField.swift */; };
		36D7D5F02A3B92CFB20C231B /* StatisticTableViewCell.swift in Sources */ = {isa = PBXBuildFile; fileRef = 36D7DFA555DC28DE7B359F0C /* StatisticTableViewCell.swift */; };
		36D7D6D87436DD70831F4810 /* EventCreationViewController.swift in Sources */ = {isa = PBXBuildFile; fileRef = 36D7D655B2F1851AA214F655 /* EventCreationViewController.swift */; };
		36D7D78349A6A9FE981BFC3B /* WeekdayMask.swift in Sources */ = {isa = PBXBuildFile; fileRef = 36D7DCF5B078807150E27AC8 /* WeekdayMask.swift */; };
		36D7D795CB7DD4E053E1E9CB /* HabitCreationViewController.swift in Sources */ = {isa = PBXBuildFile; fileRef = 36D7D5B12977D139AA95F597 /* HabitCreationViewController.swift */; };
		36D7D7AB414BAC1468854E39 /* TrackerRecord.swift in Sources */ = {isa = PBXBuildFile; fileRef = 36D7D3717EF6933E55CAB799 /* TrackerRecord.swift */; };
		36D7D89A21FD9EA8107CF3D7 /* TrackerSchedule.swift in Sources */ = {isa = PBXBuildFile; fileRef = 36D7DC5352C350B2A6BA8383 /* TrackerSchedule.swift */; };
		36D7D8D28339F893D12C22AD /* MockData.swift in Sources */ = {isa = PBXBuildFile; fileRef = 36D7D697E5611734225EB8AD /* MockData.swift */; };
		36D7D9023D1A6699D8FCEC04 /* ScheduleViewController.swift in Sources */ = {isa = PBXBuildFile; fileRef = 36D7D1C8C6FE023882218AF5 /* ScheduleViewController.swift */; };
		36D7D9369210DD881ADA87DC /* LaunchScreen.storyboard in Resources */ = {isa = PBXBuildFile; fileRef = 36D7DD17691AF590B191B58B /* LaunchScreen.storyboard */; };
		36D7D98B68C2537A72922AB3 /* AppDelegate.swift in Sources */ = {isa = PBXBuildFile; fileRef = 36D7D982EED591A9487BCF10 /* AppDelegate.swift */; };
		36D7DA09207D8BFB9D986151 /* GeometricParams.swift in Sources */ = {isa = PBXBuildFile; fileRef = 36D7D6171174035965B57335 /* GeometricParams.swift */; };
		36D7DB9C86ABE52BE3B26098 /* HeaderSectionView.swift in Sources */ = {isa = PBXBuildFile; fileRef = 36D7D044F4FAFDE5BB42D580 /* HeaderSectionView.swift */; };
		36D7DBB2F99A4B4D1FC4CCDC /* PlaceholderView.swift in Sources */ = {isa = PBXBuildFile; fileRef = 36D7DC131713656A6F6C306E /* PlaceholderView.swift */; };
		36D7DBFC0B8530C5BE471ABB /* TabBarViewController.swift in Sources */ = {isa = PBXBuildFile; fileRef = 36D7D7AC48022D6A50331718 /* TabBarViewController.swift */; };
		36D7DC101499508598AD4597 /* TrackerFrequency.swift in Sources */ = {isa = PBXBuildFile; fileRef = 36D7DFE4411C916A108FF2B1 /* TrackerFrequency.swift */; };
		36D7DC457BE460B9E49B3B4A /* DayOfWeek.swift in Sources */ = {isa = PBXBuildFile; fileRef = 36D7D48E15CF69D319753E4E /* DayOfWeek.swift */; };
		36D7DC52000F90B44E940F05 /* StatisticViewController.swift in Sources */ = {isa = PBXBuildFile; fileRef = 36D7DB78EF8C1D7414DF6640 /* StatisticViewController.swift */; };
		36D7DC8F2F09DEDE9C612696 /* TrackerCreationViewController.swift in Sources */ = {isa = PBXBuildFile; fileRef = 36D7D5333EDB15A9B2ED42F7 /* TrackerCreationViewController.swift */; };
		36D7DE736CE57C7B6BF786A8 /* CustomTableViewCell.swift in Sources */ = {isa = PBXBuildFile; fileRef = 36D7DADC2999007B7CF9C65A /* CustomTableViewCell.swift */; };
		36D7DE8D01840074B9F6BA45 /* TrackersViewController.swift in Sources */ = {isa = PBXBuildFile; fileRef = 36D7DC7C2DCB1EA15EC0FDD0 /* TrackersViewController.swift */; };
		36D7DFA6D6ADB0DACEE69209 /* Constants.swift in Sources */ = {isa = PBXBuildFile; fileRef = 36D7D754C1597CFF69D24ECA /* Constants.swift */; };
/* End PBXBuildFile section */

/* Begin PBXFileReference section */
		36D7D0012DE3308CE74060B0 /* WeekDay.swift */ = {isa = PBXFileReference; fileEncoding = 4; lastKnownFileType = sourcecode.swift; path = WeekDay.swift; sourceTree = "<group>"; };
		36D7D044F4FAFDE5BB42D580 /* HeaderSectionView.swift */ = {isa = PBXFileReference; fileEncoding = 4; lastKnownFileType = sourcecode.swift; path = HeaderSectionView.swift; sourceTree = "<group>"; };
		36D7D078E1C9A964CE2BCE69 /* Tracker.swift */ = {isa = PBXFileReference; fileEncoding = 4; lastKnownFileType = sourcecode.swift; path = Tracker.swift; sourceTree = "<group>"; };
		36D7D08DF0CCF0970918E1B5 /* TrackerCell.swift */ = {isa = PBXFileReference; fileEncoding = 4; lastKnownFileType = sourcecode.swift; path = TrackerCell.swift; sourceTree = "<group>"; };
		36D7D1C8C6FE023882218AF5 /* ScheduleViewController.swift */ = {isa = PBXFileReference; fileEncoding = 4; lastKnownFileType = sourcecode.swift; path = ScheduleViewController.swift; sourceTree = "<group>"; };
		36D7D3717EF6933E55CAB799 /* TrackerRecord.swift */ = {isa = PBXFileReference; fileEncoding = 4; lastKnownFileType = sourcecode.swift; path = TrackerRecord.swift; sourceTree = "<group>"; };
		36D7D448243739A1E7DCBE40 /* InsetTextField.swift */ = {isa = PBXFileReference; fileEncoding = 4; lastKnownFileType = sourcecode.swift; path = InsetTextField.swift; sourceTree = "<group>"; };
		36D7D48E15CF69D319753E4E /* DayOfWeek.swift */ = {isa = PBXFileReference; fileEncoding = 4; lastKnownFileType = sourcecode.swift; path = DayOfWeek.swift; sourceTree = "<group>"; };
		36D7D502A44C496310275ECE /* Tracker.app */ = {isa = PBXFileReference; explicitFileType = wrapper.application; includeInIndex = 0; path = Tracker.app; sourceTree = BUILT_PRODUCTS_DIR; };
		36D7D5333EDB15A9B2ED42F7 /* TrackerCreationViewController.swift */ = {isa = PBXFileReference; fileEncoding = 4; lastKnownFileType = sourcecode.swift; path = TrackerCreationViewController.swift; sourceTree = "<group>"; };
		36D7D55DB498F6AF2345549B /* SelectableCollectionView.swift */ = {isa = PBXFileReference; fileEncoding = 4; lastKnownFileType = sourcecode.swift; path = SelectableCollectionView.swift; sourceTree = "<group>"; };
		36D7D5B12977D139AA95F597 /* HabitCreationViewController.swift */ = {isa = PBXFileReference; fileEncoding = 4; lastKnownFileType = sourcecode.swift; path = HabitCreationViewController.swift; sourceTree = "<group>"; };
		36D7D5D970EEA1B9C32942B0 /* CategoryCreationViewController.swift */ = {isa = PBXFileReference; fileEncoding = 4; lastKnownFileType = sourcecode.swift; path = CategoryCreationViewController.swift; sourceTree = "<group>"; };
		36D7D6171174035965B57335 /* GeometricParams.swift */ = {isa = PBXFileReference; fileEncoding = 4; lastKnownFileType = sourcecode.swift; path = GeometricParams.swift; sourceTree = "<group>"; };
		36D7D655B2F1851AA214F655 /* EventCreationViewController.swift */ = {isa = PBXFileReference; fileEncoding = 4; lastKnownFileType = sourcecode.swift; path = EventCreationViewController.swift; sourceTree = "<group>"; };
		36D7D66179F0E15407E1A33D /* SceneDelegate.swift */ = {isa = PBXFileReference; lastKnownFileType = sourcecode.swift; path = SceneDelegate.swift; sourceTree = "<group>"; };
		36D7D697E5611734225EB8AD /* MockData.swift */ = {isa = PBXFileReference; fileEncoding = 4; lastKnownFileType = sourcecode.swift; path = MockData.swift; sourceTree = "<group>"; };
		36D7D754C1597CFF69D24ECA /* Constants.swift */ = {isa = PBXFileReference; fileEncoding = 4; lastKnownFileType = sourcecode.swift; path = Constants.swift; sourceTree = "<group>"; };
		36D7D7AC48022D6A50331718 /* TabBarViewController.swift */ = {isa = PBXFileReference; fileEncoding = 4; lastKnownFileType = sourcecode.swift; path = TabBarViewController.swift; sourceTree = "<group>"; };
		36D7D94ED13A9300E7B07134 /* Base */ = {isa = PBXFileReference; lastKnownFileType = file.storyboard; name = Base; path = Base.lproj/LaunchScreen.storyboard; sourceTree = "<group>"; };
		36D7D982EED591A9487BCF10 /* AppDelegate.swift */ = {isa = PBXFileReference; lastKnownFileType = sourcecode.swift; path = AppDelegate.swift; sourceTree = "<group>"; };
		36D7DADC2999007B7CF9C65A /* CustomTableViewCell.swift */ = {isa = PBXFileReference; fileEncoding = 4; lastKnownFileType = sourcecode.swift; path = CustomTableViewCell.swift; sourceTree = "<group>"; };
		36D7DB78EF8C1D7414DF6640 /* StatisticViewController.swift */ = {isa = PBXFileReference; fileEncoding = 4; lastKnownFileType = sourcecode.swift; path = StatisticViewController.swift; sourceTree = "<group>"; };
		36D7DBC84F9E4E7366144444 /* TrackerCategory.swift */ = {isa = PBXFileReference; fileEncoding = 4; lastKnownFileType = sourcecode.swift; path = TrackerCategory.swift; sourceTree = "<group>"; };
		36D7DC06DF3BF7BE8C9F1CBA /* Base */ = {isa = PBXFileReference; lastKnownFileType = file.storyboard; name = Base; path = Base.lproj/Main.storyboard; sourceTree = "<group>"; };
		36D7DC131713656A6F6C306E /* PlaceholderView.swift */ = {isa = PBXFileReference; fileEncoding = 4; lastKnownFileType = sourcecode.swift; path = PlaceholderView.swift; sourceTree = "<group>"; };
		36D7DC5352C350B2A6BA8383 /* TrackerSchedule.swift */ = {isa = PBXFileReference; fileEncoding = 4; lastKnownFileType = sourcecode.swift; path = TrackerSchedule.swift; sourceTree = "<group>"; };
		36D7DC73011949D3A4B87631 /* Info.plist */ = {isa = PBXFileReference; lastKnownFileType = text.plist.info; path = Info.plist; sourceTree = "<group>"; };
		36D7DC7C2DCB1EA15EC0FDD0 /* TrackersViewController.swift */ = {isa = PBXFileReference; fileEncoding = 4; lastKnownFileType = sourcecode.swift; path = TrackersViewController.swift; sourceTree = "<group>"; };
		36D7DCF5B078807150E27AC8 /* WeekdayMask.swift */ = {isa = PBXFileReference; fileEncoding = 4; lastKnownFileType = sourcecode.swift; path = WeekdayMask.swift; sourceTree = "<group>"; };
		36D7DDBA0FC76741FB6C99C5 /* ViewController.swift */ = {isa = PBXFileReference; lastKnownFileType = sourcecode.swift; path = ViewController.swift; sourceTree = "<group>"; };
		36D7DFA555DC28DE7B359F0C /* StatisticTableViewCell.swift */ = {isa = PBXFileReference; fileEncoding = 4; lastKnownFileType = sourcecode.swift; path = StatisticTableViewCell.swift; sourceTree = "<group>"; };
		36D7DFDD3A1164A08DBF1DA7 /* Assets.xcassets */ = {isa = PBXFileReference; lastKnownFileType = folder.assetcatalog; path = Assets.xcassets; sourceTree = "<group>"; };
		36D7DFE4411C916A108FF2B1 /* TrackerFrequency.swift */ = {isa = PBXFileReference; fileEncoding = 4; lastKnownFileType = sourcecode.swift; path = TrackerFrequency.swift; sourceTree = "<group>"; };
/* End PBXFileReference section */

/* Begin PBXFrameworksBuildPhase section */
		36D7DD9505D40093DB6339A7 /* Frameworks */ = {
			isa = PBXFrameworksBuildPhase;
			buildActionMask = 2147483647;
			files = (
			);
			runOnlyForDeploymentPostprocessing = 0;
		};
/* End PBXFrameworksBuildPhase section */

/* Begin PBXGroup section */
		36D7D07BE2BA5916A6DF7EB2 = {
			isa = PBXGroup;
			children = (
				36D7D62D33CDC4337F536DD1 /* Products */,
				36D7D61697FB61A06D0E7EEF /* Tracker */,
			);
			sourceTree = "<group>";
		};
		36D7D61697FB61A06D0E7EEF /* Tracker */ = {
			isa = PBXGroup;
			children = (
				36D7DFDD3A1164A08DBF1DA7 /* Assets.xcassets */,
				36D7D982EED591A9487BCF10 /* AppDelegate.swift */,
				36D7DD17691AF590B191B58B /* LaunchScreen.storyboard */,
				36D7DC73011949D3A4B87631 /* Info.plist */,
				36D7D66179F0E15407E1A33D /* SceneDelegate.swift */,
				36D7DDBA0FC76741FB6C99C5 /* ViewController.swift */,
				36D7D855178AE89EC5BC54B9 /* Main.storyboard */,
				36D7DC7C2DCB1EA15EC0FDD0 /* TrackersViewController.swift */,
				36D7DE27375312D227EBDA3B /* Models */,
				36D7D697E5611734225EB8AD /* MockData.swift */,
				36D7DC131713656A6F6C306E /* PlaceholderView.swift */,
				36D7D044F4FAFDE5BB42D580 /* HeaderSectionView.swift */,
				36D7D08DF0CCF0970918E1B5 /* TrackerCell.swift */,
				36D7D7AC48022D6A50331718 /* TabBarViewController.swift */,
				36D7DB78EF8C1D7414DF6640 /* StatisticViewController.swift */,
				36D7D5333EDB15A9B2ED42F7 /* TrackerCreationViewController.swift */,
				36D7D1C8C6FE023882218AF5 /* ScheduleViewController.swift */,
				36D7D655B2F1851AA214F655 /* EventCreationViewController.swift */,
				36D7D5B12977D139AA95F597 /* HabitCreationViewController.swift */,
				36D7D448243739A1E7DCBE40 /* InsetTextField.swift */,
				36D7DADC2999007B7CF9C65A /* CustomTableViewCell.swift */,
				36D7D5D970EEA1B9C32942B0 /* CategoryCreationViewController.swift */,
				36D7DFA555DC28DE7B359F0C /* StatisticTableViewCell.swift */,
				36D7D55DB498F6AF2345549B /* SelectableCollectionView.swift */,
			);
			path = Tracker;
			sourceTree = "<group>";
		};
		36D7D62D33CDC4337F536DD1 /* Products */ = {
			isa = PBXGroup;
			children = (
				36D7D502A44C496310275ECE /* Tracker.app */,
			);
			name = Products;
			sourceTree = "<group>";
		};
		36D7DE27375312D227EBDA3B /* Models */ = {
			isa = PBXGroup;
			children = (
				36D7D078E1C9A964CE2BCE69 /* Tracker.swift */,
				36D7DBC84F9E4E7366144444 /* TrackerCategory.swift */,
				36D7D3717EF6933E55CAB799 /* TrackerRecord.swift */,
				36D7DC5352C350B2A6BA8383 /* TrackerSchedule.swift */,
				36D7D6171174035965B57335 /* GeometricParams.swift */,
				36D7D754C1597CFF69D24ECA /* Constants.swift */,
				36D7DCF5B078807150E27AC8 /* WeekdayMask.swift */,
				36D7D0012DE3308CE74060B0 /* WeekDay.swift */,
				36D7D48E15CF69D319753E4E /* DayOfWeek.swift */,
				36D7DFE4411C916A108FF2B1 /* TrackerFrequency.swift */,
			);
			path = Models;
			sourceTree = "<group>";
		};
/* End PBXGroup section */

/* Begin PBXNativeTarget section */
		36D7D9469240BE29B2D42BB6 /* Tracker */ = {
			isa = PBXNativeTarget;
			buildConfigurationList = 36D7D0D76D19FB5D1A77A2CD /* Build configuration list for PBXNativeTarget "Tracker" */;
			buildPhases = (
				36D7DCFF2F9BF9512673FCD2 /* Sources */,
				36D7DD9505D40093DB6339A7 /* Frameworks */,
				36D7DDF40A2754038BEA1FD7 /* Resources */,
			);
			buildRules = (
			);
			dependencies = (
			);
			name = Tracker;
			productName = Tracker;
			productReference = 36D7D502A44C496310275ECE /* Tracker.app */;
			productType = "com.apple.product-type.application";
		};
/* End PBXNativeTarget section */

/* Begin PBXProject section */
		36D7D840F6EF3E8E53666809 /* Project object */ = {
			isa = PBXProject;
			attributes = {
			};
			buildConfigurationList = 36D7D41719E7D45F57642CCF /* Build configuration list for PBXProject "Tracker" */;
			compatibilityVersion = "Xcode 3.2";
			developmentRegion = English;
			hasScannedForEncodings = 0;
			knownRegions = (
				English,
				en,
				Base,
			);
			mainGroup = 36D7D07BE2BA5916A6DF7EB2;
			productRefGroup = 36D7D62D33CDC4337F536DD1 /* Products */;
			projectDirPath = "";
			projectRoot = "";
			targets = (
				36D7D9469240BE29B2D42BB6 /* Tracker */,
			);
		};
/* End PBXProject section */

/* Begin PBXResourcesBuildPhase section */
		36D7DDF40A2754038BEA1FD7 /* Resources */ = {
			isa = PBXResourcesBuildPhase;
			buildActionMask = 2147483647;
			files = (
				36D7D34032BA6173129AB428 /* Assets.xcassets in Resources */,
				36D7D9369210DD881ADA87DC /* LaunchScreen.storyboard in Resources */,
				36D7D4FF0FAFB4EA7130811F /* Main.storyboard in Resources */,
			);
			runOnlyForDeploymentPostprocessing = 0;
		};
/* End PBXResourcesBuildPhase section */

/* Begin PBXSourcesBuildPhase section */
		36D7DCFF2F9BF9512673FCD2 /* Sources */ = {
			isa = PBXSourcesBuildPhase;
			buildActionMask = 2147483647;
			files = (
				36D7D98B68C2537A72922AB3 /* AppDelegate.swift in Sources */,
				36D7D38F0028420C0CEFF0AB /* SceneDelegate.swift in Sources */,
				36D7D4B58EFBB8682E672E42 /* ViewController.swift in Sources */,
				36D7DE8D01840074B9F6BA45 /* TrackersViewController.swift in Sources */,
				36D7D1E99B347515D60BAEF9 /* Tracker.swift in Sources */,
				36D7D33449841B55732278DA /* TrackerCategory.swift in Sources */,
				36D7D7AB414BAC1468854E39 /* TrackerRecord.swift in Sources */,
				36D7D89A21FD9EA8107CF3D7 /* TrackerSchedule.swift in Sources */,
				36D7D8D28339F893D12C22AD /* MockData.swift in Sources */,
				36D7DBB2F99A4B4D1FC4CCDC /* PlaceholderView.swift in Sources */,
				36D7DB9C86ABE52BE3B26098 /* HeaderSectionView.swift in Sources */,
				36D7D34E4FCBB3A91704C9A1 /* TrackerCell.swift in Sources */,
				36D7DBFC0B8530C5BE471ABB /* TabBarViewController.swift in Sources */,
				36D7DC52000F90B44E940F05 /* StatisticViewController.swift in Sources */,
				36D7DC8F2F09DEDE9C612696 /* TrackerCreationViewController.swift in Sources */,
				36D7D9023D1A6699D8FCEC04 /* ScheduleViewController.swift in Sources */,
				36D7D6D87436DD70831F4810 /* EventCreationViewController.swift in Sources */,
				36D7D795CB7DD4E053E1E9CB /* HabitCreationViewController.swift in Sources */,
				36D7D5DC6139856FCC07664D /* InsetTextField.swift in Sources */,
				36D7DE736CE57C7B6BF786A8 /* CustomTableViewCell.swift in Sources */,
				36D7D4934914B4143531AF77 /* CategoryCreationViewController.swift in Sources */,
				36D7DA09207D8BFB9D986151 /* GeometricParams.swift in Sources */,
				36D7DFA6D6ADB0DACEE69209 /* Constants.swift in Sources */,
				36D7D5F02A3B92CFB20C231B /* StatisticTableViewCell.swift in Sources */,
				36D7D1BA7CEB5066107DFC9D /* SelectableCollectionView.swift in Sources */,
				36D7D78349A6A9FE981BFC3B /* WeekdayMask.swift in Sources */,
				36D7D2712DFB0EE93D9E7D49 /* WeekDay.swift in Sources */,
				36D7DC457BE460B9E49B3B4A /* DayOfWeek.swift in Sources */,
				36D7DC101499508598AD4597 /* TrackerFrequency.swift in Sources */,
			);
			runOnlyForDeploymentPostprocessing = 0;
		};
/* End PBXSourcesBuildPhase section */

/* Begin PBXVariantGroup section */
		36D7D855178AE89EC5BC54B9 /* Main.storyboard */ = {
			isa = PBXVariantGroup;
			children = (
				36D7DC06DF3BF7BE8C9F1CBA /* Base */,
			);
			name = Main.storyboard;
			sourceTree = "<group>";
		};
		36D7DD17691AF590B191B58B /* LaunchScreen.storyboard */ = {
			isa = PBXVariantGroup;
			children = (
				36D7D94ED13A9300E7B07134 /* Base */,
			);
			name = LaunchScreen.storyboard;
			sourceTree = "<group>";
		};
/* End PBXVariantGroup section */

/* Begin XCBuildConfiguration section */
		36D7D33AEBED6D84845D15E7 /* Debug */ = {
			isa = XCBuildConfiguration;
			buildSettings = {
				ALWAYS_SEARCH_USER_PATHS = NO;
				CLANG_ANALYZER_NONNULL = YES;
				CLANG_ANALYZER_NUMBER_OBJECT_CONVERSION = YES_AGGRESSIVE;
				CLANG_CXX_LANGUAGE_STANDARD = "gnu++20";
				CLANG_ENABLE_MODULES = YES;
				CLANG_ENABLE_OBJC_ARC = YES;
				CLANG_ENABLE_OBJC_WEAK = YES;
				CLANG_WARN_BLOCK_CAPTURE_AUTORELEASING = YES;
				CLANG_WARN_BOOL_CONVERSION = YES;
				CLANG_WARN_COMMA = YES;
				CLANG_WARN_CONSTANT_CONVERSION = YES;
				CLANG_WARN_DEPRECATED_OBJC_IMPLEMENTATIONS = YES;
				CLANG_WARN_DIRECT_OBJC_ISA_USAGE = YES_ERROR;
				CLANG_WARN_DOCUMENTATION_COMMENTS = YES;
				CLANG_WARN_EMPTY_BODY = YES;
				CLANG_WARN_ENUM_CONVERSION = YES;
				CLANG_WARN_INFINITE_RECURSION = YES;
				CLANG_WARN_INT_CONVERSION = YES;
				CLANG_WARN_NON_LITERAL_NULL_CONVERSION = YES;
				CLANG_WARN_OBJC_IMPLICIT_RETAIN_SELF = YES;
				CLANG_WARN_OBJC_LITERAL_CONVERSION = YES;
				CLANG_WARN_OBJC_ROOT_CLASS = YES_ERROR;
				CLANG_WARN_QUOTED_INCLUDE_IN_FRAMEWORK_HEADER = YES;
				CLANG_WARN_RANGE_LOOP_ANALYSIS = YES;
				CLANG_WARN_STRICT_PROTOTYPES = YES;
				CLANG_WARN_SUSPICIOUS_MOVE = YES;
				CLANG_WARN_UNGUARDED_AVAILABILITY = YES_AGGRESSIVE;
				CLANG_WARN_UNREACHABLE_CODE = YES;
				CLANG_WARN__DUPLICATE_METHOD_MATCH = YES;
				COPY_PHASE_STRIP = NO;
				DEBUG_INFORMATION_FORMAT = dwarf;
				ENABLE_STRICT_OBJC_MSGSEND = YES;
				ENABLE_TESTABILITY = YES;
				GCC_C_LANGUAGE_STANDARD = gnu11;
				GCC_DYNAMIC_NO_PIC = NO;
				GCC_NO_COMMON_BLOCKS = YES;
				GCC_OPTIMIZATION_LEVEL = 0;
				GCC_PREPROCESSOR_DEFINITIONS = (
					"DEBUG=1",
					"$(inherited)",
				);
				GCC_WARN_64_TO_32_BIT_CONVERSION = YES;
				GCC_WARN_ABOUT_RETURN_TYPE = YES_ERROR;
				GCC_WARN_UNDECLARED_SELECTOR = YES;
				GCC_WARN_UNINITIALIZED_AUTOS = YES_AGGRESSIVE;
				GCC_WARN_UNUSED_FUNCTION = YES;
				GCC_WARN_UNUSED_VARIABLE = YES;
				IPHONEOS_DEPLOYMENT_TARGET = 16.1;
				MTL_ENABLE_DEBUG_INFO = INCLUDE_SOURCE;
				MTL_FAST_MATH = YES;
				ONLY_ACTIVE_ARCH = YES;
				SDKROOT = iphoneos;
				SWIFT_ACTIVE_COMPILATION_CONDITIONS = DEBUG;
				SWIFT_OPTIMIZATION_LEVEL = "-Onone";
			};
			name = Debug;
		};
		36D7D632600E4149D72F69D6 /* Release */ = {
			isa = XCBuildConfiguration;
			buildSettings = {
				ASSETCATALOG_COMPILER_APPICON_NAME = AppIcon;
				ASSETCATALOG_COMPILER_GLOBAL_ACCENT_COLOR_NAME = AccentColor;
				CURRENT_PROJECT_VERSION = 1;
				GENERATE_INFOPLIST_FILE = YES;
				INFOPLIST_FILE = Tracker/Info.plist;
				INFOPLIST_KEY_UIApplicationSupportsIndirectInputEvents = YES;
				INFOPLIST_KEY_UILaunchStoryboardName = LaunchScreen;
				INFOPLIST_KEY_UIMainStoryboardFile = Main;
				INFOPLIST_KEY_UISupportedInterfaceOrientations = UIInterfaceOrientationPortrait;
				IPHONEOS_DEPLOYMENT_TARGET = 13.4;
				LD_RUNPATH_SEARCH_PATHS = "$(inherited) @executable_path/Frameworks";
				MARKETING_VERSION = 1.0;
				PRODUCT_BUNDLE_IDENTIFIER = "ru.amg-petronas.Tracker";
				PRODUCT_NAME = "$(TARGET_NAME)";
				SWIFT_EMIT_LOC_STRINGS = YES;
				SWIFT_VERSION = 5.0;
				TARGETED_DEVICE_FAMILY = "1,2";
			};
			name = Release;
		};
		36D7D8DF0604AFB4DF19A214 /* Debug */ = {
			isa = XCBuildConfiguration;
			buildSettings = {
				ASSETCATALOG_COMPILER_APPICON_NAME = AppIcon;
				ASSETCATALOG_COMPILER_GLOBAL_ACCENT_COLOR_NAME = AccentColor;
				CURRENT_PROJECT_VERSION = 1;
				GENERATE_INFOPLIST_FILE = YES;
				INFOPLIST_FILE = Tracker/Info.plist;
				INFOPLIST_KEY_UIApplicationSupportsIndirectInputEvents = YES;
				INFOPLIST_KEY_UILaunchStoryboardName = LaunchScreen;
				INFOPLIST_KEY_UIMainStoryboardFile = Main;
				INFOPLIST_KEY_UISupportedInterfaceOrientations = UIInterfaceOrientationPortrait;
				IPHONEOS_DEPLOYMENT_TARGET = 13.4;
				LD_RUNPATH_SEARCH_PATHS = "$(inherited) @executable_path/Frameworks";
				MARKETING_VERSION = 1.0;
				PRODUCT_BUNDLE_IDENTIFIER = "ru.amg-petronas.Tracker";
				PRODUCT_NAME = "$(TARGET_NAME)";
				SWIFT_EMIT_LOC_STRINGS = YES;
				SWIFT_VERSION = 5.0;
				TARGETED_DEVICE_FAMILY = "1,2";
			};
			name = Debug;
		};
		36D7DC21CF2EA25B4D661331 /* Release */ = {
			isa = XCBuildConfiguration;
			buildSettings = {
				ALWAYS_SEARCH_USER_PATHS = NO;
				CLANG_ANALYZER_NONNULL = YES;
				CLANG_ANALYZER_NUMBER_OBJECT_CONVERSION = YES_AGGRESSIVE;
				CLANG_CXX_LANGUAGE_STANDARD = "gnu++20";
				CLANG_ENABLE_MODULES = YES;
				CLANG_ENABLE_OBJC_ARC = YES;
				CLANG_ENABLE_OBJC_WEAK = YES;
				CLANG_WARN_BLOCK_CAPTURE_AUTORELEASING = YES;
				CLANG_WARN_BOOL_CONVERSION = YES;
				CLANG_WARN_COMMA = YES;
				CLANG_WARN_CONSTANT_CONVERSION = YES;
				CLANG_WARN_DEPRECATED_OBJC_IMPLEMENTATIONS = YES;
				CLANG_WARN_DIRECT_OBJC_ISA_USAGE = YES_ERROR;
				CLANG_WARN_DOCUMENTATION_COMMENTS = YES;
				CLANG_WARN_EMPTY_BODY = YES;
				CLANG_WARN_ENUM_CONVERSION = YES;
				CLANG_WARN_INFINITE_RECURSION = YES;
				CLANG_WARN_INT_CONVERSION = YES;
				CLANG_WARN_NON_LITERAL_NULL_CONVERSION = YES;
				CLANG_WARN_OBJC_IMPLICIT_RETAIN_SELF = YES;
				CLANG_WARN_OBJC_LITERAL_CONVERSION = YES;
				CLANG_WARN_OBJC_ROOT_CLASS = YES_ERROR;
				CLANG_WARN_QUOTED_INCLUDE_IN_FRAMEWORK_HEADER = YES;
				CLANG_WARN_RANGE_LOOP_ANALYSIS = YES;
				CLANG_WARN_STRICT_PROTOTYPES = YES;
				CLANG_WARN_SUSPICIOUS_MOVE = YES;
				CLANG_WARN_UNGUARDED_AVAILABILITY = YES_AGGRESSIVE;
				CLANG_WARN_UNREACHABLE_CODE = YES;
				CLANG_WARN__DUPLICATE_METHOD_MATCH = YES;
				COPY_PHASE_STRIP = NO;
				DEBUG_INFORMATION_FORMAT = "dwarf-with-dsym";
				ENABLE_NS_ASSERTIONS = NO;
				ENABLE_STRICT_OBJC_MSGSEND = YES;
				GCC_C_LANGUAGE_STANDARD = gnu11;
				GCC_NO_COMMON_BLOCKS = YES;
				GCC_WARN_64_TO_32_BIT_CONVERSION = YES;
				GCC_WARN_ABOUT_RETURN_TYPE = YES_ERROR;
				GCC_WARN_UNDECLARED_SELECTOR = YES;
				GCC_WARN_UNINITIALIZED_AUTOS = YES_AGGRESSIVE;
				GCC_WARN_UNUSED_FUNCTION = YES;
				GCC_WARN_UNUSED_VARIABLE = YES;
				IPHONEOS_DEPLOYMENT_TARGET = 16.1;
				MTL_ENABLE_DEBUG_INFO = NO;
				MTL_FAST_MATH = YES;
				SDKROOT = iphoneos;
				SWIFT_OPTIMIZATION_LEVEL = "-Owholemodule";
				VALIDATE_PRODUCT = YES;
			};
			name = Release;
		};
/* End XCBuildConfiguration section */

/* Begin XCConfigurationList section */
		36D7D0D76D19FB5D1A77A2CD /* Build configuration list for PBXNativeTarget "Tracker" */ = {
			isa = XCConfigurationList;
			buildConfigurations = (
				36D7D8DF0604AFB4DF19A214 /* Debug */,
				36D7D632600E4149D72F69D6 /* Release */,
			);
			defaultConfigurationIsVisible = 0;
			defaultConfigurationName = Release;
		};
		36D7D41719E7D45F57642CCF /* Build configuration list for PBXProject "Tracker" */ = {
			isa = XCConfigurationList;
			buildConfigurations = (
				36D7D33AEBED6D84845D15E7 /* Debug */,
				36D7DC21CF2EA25B4D661331 /* Release */,
			);
			defaultConfigurationIsVisible = 0;
			defaultConfigurationName = Release;
		};
/* End XCConfigurationList section */
	};
	rootObject = 36D7D840F6EF3E8E53666809 /* Project object */;
}
